
Microsoft Visual Studio Solution File, Format Version 12.00
Project("{FAE04EC0-301F-11D3-BF4B-00C04F79EFBC}") = "Triangle", "Triangle\Triangle.csproj", "{76E26C68-8B66-43DE-9335-E5172E77372A}"
EndProject
Project("{FAE04EC0-301F-11D3-BF4B-00C04F79EFBC}") = "Triangle.Tests", "Triangle.Tests\Triangle.Tests.csproj", "{323B34C8-8226-412C-B460-B360A9E7B836}"
EndProject
Global
	GlobalSection(SolutionConfigurationPlatforms) = preSolution
		Debug|Any CPU = Debug|Any CPU
		Release|Any CPU = Release|Any CPU
	EndGlobalSection
	GlobalSection(ProjectConfigurationPlatforms) = postSolution
		{76E26C68-8B66-43DE-9335-E5172E77372A}.Debug|Any CPU.ActiveCfg = Debug|Any CPU
		{76E26C68-8B66-43DE-9335-E5172E77372A}.Debug|Any CPU.Build.0 = Debug|Any CPU
		{76E26C68-8B66-43DE-9335-E5172E77372A}.Release|Any CPU.ActiveCfg = Release|Any CPU
		{76E26C68-8B66-43DE-9335-E5172E77372A}.Release|Any CPU.Build.0 = Release|Any CPU
		{323B34C8-8226-412C-B460-B360A9E7B836}.Debug|Any CPU.ActiveCfg = Debug|Any CPU
		{323B34C8-8226-412C-B460-B360A9E7B836}.Debug|Any CPU.Build.0 = Debug|Any CPU
		{323B34C8-8226-412C-B460-B360A9E7B836}.Release|Any CPU.ActiveCfg = Release|Any CPU
		{323B34C8-8226-412C-B460-B360A9E7B836}.Release|Any CPU.Build.0 = Release|Any CPU
	EndGlobalSection
EndGlobal
